// !$*UTF8*$!
{
	archiveVersion = 1;
	classes = {
	};
	objectVersion = 50;
	objects = {

/* Begin PBXBuildFile section */
		41438C632C07045D0063CF87 /* SignInViewController.swift in Sources */ = {isa = PBXBuildFile; fileRef = 41438C622C07045D0063CF87 /* SignInViewController.swift */; };
		41438C672C0710C70063CF87 /* HomeViewController.swift in Sources */ = {isa = PBXBuildFile; fileRef = 41438C662C0710C70063CF87 /* HomeViewController.swift */; };
		41438C6A2C0718F90063CF87 /* NetworkMonitor.swift in Sources */ = {isa = PBXBuildFile; fileRef = 41438C692C0718F90063CF87 /* NetworkMonitor.swift */; };
		41438C6D2C0719520063CF87 /* DataFetcher.swift in Sources */ = {isa = PBXBuildFile; fileRef = 41438C6C2C0719520063CF87 /* DataFetcher.swift */; };
		41438C702C0721D20063CF87 /* LocationManager.swift in Sources */ = {isa = PBXBuildFile; fileRef = 41438C6F2C0721D20063CF87 /* LocationManager.swift */; };
		418881E82C063C1700CBB0FB /* AppDelegate.swift in Sources */ = {isa = PBXBuildFile; fileRef = 418881E72C063C1700CBB0FB /* AppDelegate.swift */; };
		418881EA2C063C1700CBB0FB /* SceneDelegate.swift in Sources */ = {isa = PBXBuildFile; fileRef = 418881E92C063C1700CBB0FB /* SceneDelegate.swift */; };
		418881EC2C063C1700CBB0FB /* ViewController.swift in Sources */ = {isa = PBXBuildFile; fileRef = 418881EB2C063C1700CBB0FB /* ViewController.swift */; };
		418881EF2C063C1700CBB0FB /* Main.storyboard in Resources */ = {isa = PBXBuildFile; fileRef = 418881ED2C063C1700CBB0FB /* Main.storyboard */; };
		418881F22C063C1700CBB0FB /* Bimatric_Attendance.xcdatamodeld in Sources */ = {isa = PBXBuildFile; fileRef = 418881F02C063C1700CBB0FB /* Bimatric_Attendance.xcdatamodeld */; };
		418881F42C063C1800CBB0FB /* Assets.xcassets in Resources */ = {isa = PBXBuildFile; fileRef = 418881F32C063C1800CBB0FB /* Assets.xcassets */; };
		418881F72C063C1800CBB0FB /* LaunchScreen.storyboard in Resources */ = {isa = PBXBuildFile; fileRef = 418881F52C063C1800CBB0FB /* LaunchScreen.storyboard */; };
		418882072C066EFE00CBB0FB /* PasswordSetupViewController.swift in Sources */ = {isa = PBXBuildFile; fileRef = 418882062C066EFE00CBB0FB /* PasswordSetupViewController.swift */; };
/* End PBXBuildFile section */

/* Begin PBXFileReference section */
		41438C622C07045D0063CF87 /* SignInViewController.swift */ = {isa = PBXFileReference; lastKnownFileType = sourcecode.swift; path = SignInViewController.swift; sourceTree = "<group>"; };
		41438C662C0710C70063CF87 /* HomeViewController.swift */ = {isa = PBXFileReference; lastKnownFileType = sourcecode.swift; path = HomeViewController.swift; sourceTree = "<group>"; };
		41438C692C0718F90063CF87 /* NetworkMonitor.swift */ = {isa = PBXFileReference; lastKnownFileType = sourcecode.swift; path = NetworkMonitor.swift; sourceTree = "<group>"; };
		41438C6C2C0719520063CF87 /* DataFetcher.swift */ = {isa = PBXFileReference; lastKnownFileType = sourcecode.swift; path = DataFetcher.swift; sourceTree = "<group>"; };
		41438C6F2C0721D20063CF87 /* LocationManager.swift */ = {isa = PBXFileReference; lastKnownFileType = sourcecode.swift; path = LocationManager.swift; sourceTree = "<group>"; };
		418881E42C063C1700CBB0FB /* Bimatric Attendance.app */ = {isa = PBXFileReference; explicitFileType = wrapper.application; includeInIndex = 0; path = "Bimatric Attendance.app"; sourceTree = BUILT_PRODUCTS_DIR; };
		418881E72C063C1700CBB0FB /* AppDelegate.swift */ = {isa = PBXFileReference; lastKnownFileType = sourcecode.swift; path = AppDelegate.swift; sourceTree = "<group>"; };
		418881E92C063C1700CBB0FB /* SceneDelegate.swift */ = {isa = PBXFileReference; lastKnownFileType = sourcecode.swift; path = SceneDelegate.swift; sourceTree = "<group>"; };
		418881EB2C063C1700CBB0FB /* ViewController.swift */ = {isa = PBXFileReference; lastKnownFileType = sourcecode.swift; path = ViewController.swift; sourceTree = "<group>"; };
		418881EE2C063C1700CBB0FB /* Base */ = {isa = PBXFileReference; lastKnownFileType = file.storyboard; name = Base; path = Base.lproj/Main.storyboard; sourceTree = "<group>"; };
		418881F12C063C1700CBB0FB /* Bimatric_Attendance.xcdatamodel */ = {isa = PBXFileReference; lastKnownFileType = wrapper.xcdatamodel; path = Bimatric_Attendance.xcdatamodel; sourceTree = "<group>"; };
		418881F32C063C1800CBB0FB /* Assets.xcassets */ = {isa = PBXFileReference; lastKnownFileType = folder.assetcatalog; path = Assets.xcassets; sourceTree = "<group>"; };
		418881F62C063C1800CBB0FB /* Base */ = {isa = PBXFileReference; lastKnownFileType = file.storyboard; name = Base; path = Base.lproj/LaunchScreen.storyboard; sourceTree = "<group>"; };
		418881F82C063C1800CBB0FB /* Info.plist */ = {isa = PBXFileReference; lastKnownFileType = text.plist.xml; path = Info.plist; sourceTree = "<group>"; };
		418882062C066EFE00CBB0FB /* PasswordSetupViewController.swift */ = {isa = PBXFileReference; lastKnownFileType = sourcecode.swift; path = PasswordSetupViewController.swift; sourceTree = "<group>"; };
/* End PBXFileReference section */

/* Begin PBXFrameworksBuildPhase section */
		418881E12C063C1700CBB0FB /* Frameworks */ = {
			isa = PBXFrameworksBuildPhase;
			buildActionMask = 2147483647;
			files = (
			);
			runOnlyForDeploymentPostprocessing = 0;
		};
/* End PBXFrameworksBuildPhase section */

/* Begin PBXGroup section */
		418881DB2C063C1700CBB0FB = {
			isa = PBXGroup;
			children = (
				418881E62C063C1700CBB0FB /* Bimatric Attendance */,
				418881E52C063C1700CBB0FB /* Products */,
			);
			sourceTree = "<group>";
		};
		418881E52C063C1700CBB0FB /* Products */ = {
			isa = PBXGroup;
			children = (
				418881E42C063C1700CBB0FB /* Bimatric Attendance.app */,
			);
			name = Products;
			sourceTree = "<group>";
		};
		418881E62C063C1700CBB0FB /* Bimatric Attendance */ = {
			isa = PBXGroup;
			children = (
				418881E72C063C1700CBB0FB /* AppDelegate.swift */,
				418881E92C063C1700CBB0FB /* SceneDelegate.swift */,
				418881EB2C063C1700CBB0FB /* ViewController.swift */,
				418881ED2C063C1700CBB0FB /* Main.storyboard */,
				418881F32C063C1800CBB0FB /* Assets.xcassets */,
				418881F52C063C1800CBB0FB /* LaunchScreen.storyboard */,
				418881F82C063C1800CBB0FB /* Info.plist */,
				418881F02C063C1700CBB0FB /* Bimatric_Attendance.xcdatamodeld */,
				418882062C066EFE00CBB0FB /* PasswordSetupViewController.swift */,
				41438C622C07045D0063CF87 /* SignInViewController.swift */,
				41438C662C0710C70063CF87 /* HomeViewController.swift */,
				41438C692C0718F90063CF87 /* NetworkMonitor.swift */,
				41438C6C2C0719520063CF87 /* DataFetcher.swift */,
				41438C6F2C0721D20063CF87 /* LocationManager.swift */,
			);
			path = "Bimatric Attendance";
			sourceTree = "<group>";
		};
/* End PBXGroup section */

/* Begin PBXNativeTarget section */
		418881E32C063C1700CBB0FB /* Bimatric Attendance */ = {
			isa = PBXNativeTarget;
			buildConfigurationList = 418881FB2C063C1800CBB0FB /* Build configuration list for PBXNativeTarget "Bimatric Attendance" */;
			buildPhases = (
				418881E02C063C1700CBB0FB /* Sources */,
				418881E12C063C1700CBB0FB /* Frameworks */,
				418881E22C063C1700CBB0FB /* Resources */,
			);
			buildRules = (
			);
			dependencies = (
			);
			name = "Bimatric Attendance";
			productName = "Bimatric Attendance";
			productReference = 418881E42C063C1700CBB0FB /* Bimatric Attendance.app */;
			productType = "com.apple.product-type.application";
		};
/* End PBXNativeTarget section */

/* Begin PBXProject section */
		418881DC2C063C1700CBB0FB /* Project object */ = {
			isa = PBXProject;
			attributes = {
				LastSwiftUpdateCheck = 1220;
				LastUpgradeCheck = 1220;
				TargetAttributes = {
					418881E32C063C1700CBB0FB = {
						CreatedOnToolsVersion = 12.2;
					};
				};
			};
			buildConfigurationList = 418881DF2C063C1700CBB0FB /* Build configuration list for PBXProject "Bimatric Attendance" */;
			compatibilityVersion = "Xcode 9.3";
			developmentRegion = en;
			hasScannedForEncodings = 0;
			knownRegions = (
				en,
				Base,
			);
			mainGroup = 418881DB2C063C1700CBB0FB;
			productRefGroup = 418881E52C063C1700CBB0FB /* Products */;
			projectDirPath = "";
			projectRoot = "";
			targets = (
				418881E32C063C1700CBB0FB /* Bimatric Attendance */,
			);
		};
/* End PBXProject section */

/* Begin PBXResourcesBuildPhase section */
		418881E22C063C1700CBB0FB /* Resources */ = {
			isa = PBXResourcesBuildPhase;
			buildActionMask = 2147483647;
			files = (
				418881F72C063C1800CBB0FB /* LaunchScreen.storyboard in Resources */,
				418881F42C063C1800CBB0FB /* Assets.xcassets in Resources */,
				418881EF2C063C1700CBB0FB /* Main.storyboard in Resources */,
			);
			runOnlyForDeploymentPostprocessing = 0;
		};
/* End PBXResourcesBuildPhase section */

/* Begin PBXSourcesBuildPhase section */
		418881E02C063C1700CBB0FB /* Sources */ = {
			isa = PBXSourcesBuildPhase;
			buildActionMask = 2147483647;
			files = (
				41438C632C07045D0063CF87 /* SignInViewController.swift in Sources */,
				41438C6A2C0718F90063CF87 /* NetworkMonitor.swift in Sources */,
				41438C702C0721D20063CF87 /* LocationManager.swift in Sources */,
				418881EC2C063C1700CBB0FB /* ViewController.swift in Sources */,
				418881E82C063C1700CBB0FB /* AppDelegate.swift in Sources */,
				418881F22C063C1700CBB0FB /* Bimatric_Attendance.xcdatamodeld in Sources */,
				418881EA2C063C1700CBB0FB /* SceneDelegate.swift in Sources */,
				41438C6D2C0719520063CF87 /* DataFetcher.swift in Sources */,
				41438C672C0710C70063CF87 /* HomeViewController.swift in Sources */,
				418882072C066EFE00CBB0FB /* PasswordSetupViewController.swift in Sources */,
			);
			runOnlyForDeploymentPostprocessing = 0;
		};
/* End PBXSourcesBuildPhase section */

/* Begin PBXVariantGroup section */
		418881ED2C063C1700CBB0FB /* Main.storyboard */ = {
			isa = PBXVariantGroup;
			children = (
				418881EE2C063C1700CBB0FB /* Base */,
			);
			name = Main.storyboard;
			sourceTree = "<group>";
		};
		418881F52C063C1800CBB0FB /* LaunchScreen.storyboard */ = {
			isa = PBXVariantGroup;
			children = (
				418881F62C063C1800CBB0FB /* Base */,
			);
			name = LaunchScreen.storyboard;
			sourceTree = "<group>";
		};
/* End PBXVariantGroup section */

/* Begin XCBuildConfiguration section */
		418881F92C063C1800CBB0FB /* Debug */ = {
			isa = XCBuildConfiguration;
			buildSettings = {
				ALWAYS_SEARCH_USER_PATHS = NO;
				CLANG_ANALYZER_NONNULL = YES;
				CLANG_ANALYZER_NUMBER_OBJECT_CONVERSION = YES_AGGRESSIVE;
				CLANG_CXX_LANGUAGE_STANDARD = "gnu++14";
				CLANG_CXX_LIBRARY = "libc++";
				CLANG_ENABLE_MODULES = YES;
				CLANG_ENABLE_OBJC_ARC = YES;
				CLANG_ENABLE_OBJC_WEAK = YES;
				CLANG_WARN_BLOCK_CAPTURE_AUTORELEASING = YES;
				CLANG_WARN_BOOL_CONVERSION = YES;
				CLANG_WARN_COMMA = YES;
				CLANG_WARN_CONSTANT_CONVERSION = YES;
				CLANG_WARN_DEPRECATED_OBJC_IMPLEMENTATIONS = YES;
				CLANG_WARN_DIRECT_OBJC_ISA_USAGE = YES_ERROR;
				CLANG_WARN_DOCUMENTATION_COMMENTS = YES;
				CLANG_WARN_EMPTY_BODY = YES;
				CLANG_WARN_ENUM_CONVERSION = YES;
				CLANG_WARN_INFINITE_RECURSION = YES;
				CLANG_WARN_INT_CONVERSION = YES;
				CLANG_WARN_NON_LITERAL_NULL_CONVERSION = YES;
				CLANG_WARN_OBJC_IMPLICIT_RETAIN_SELF = YES;
				CLANG_WARN_OBJC_LITERAL_CONVERSION = YES;
				CLANG_WARN_OBJC_ROOT_CLASS = YES_ERROR;
				CLANG_WARN_QUOTED_INCLUDE_IN_FRAMEWORK_HEADER = YES;
				CLANG_WARN_RANGE_LOOP_ANALYSIS = YES;
				CLANG_WARN_STRICT_PROTOTYPES = YES;
				CLANG_WARN_SUSPICIOUS_MOVE = YES;
				CLANG_WARN_UNGUARDED_AVAILABILITY = YES_AGGRESSIVE;
				CLANG_WARN_UNREACHABLE_CODE = YES;
				CLANG_WARN__DUPLICATE_METHOD_MATCH = YES;
				COPY_PHASE_STRIP = NO;
				DEBUG_INFORMATION_FORMAT = dwarf;
				ENABLE_STRICT_OBJC_MSGSEND = YES;
				ENABLE_TESTABILITY = YES;
				GCC_C_LANGUAGE_STANDARD = gnu11;
				GCC_DYNAMIC_NO_PIC = NO;
				GCC_NO_COMMON_BLOCKS = YES;
				GCC_OPTIMIZATION_LEVEL = 0;
				GCC_PREPROCESSOR_DEFINITIONS = (
					"DEBUG=1",
					"$(inherited)",
				);
				GCC_WARN_64_TO_32_BIT_CONVERSION = YES;
				GCC_WARN_ABOUT_RETURN_TYPE = YES_ERROR;
				GCC_WARN_UNDECLARED_SELECTOR = YES;
				GCC_WARN_UNINITIALIZED_AUTOS = YES_AGGRESSIVE;
				GCC_WARN_UNUSED_FUNCTION = YES;
				GCC_WARN_UNUSED_VARIABLE = YES;
				IPHONEOS_DEPLOYMENT_TARGET = 14.2;
				MTL_ENABLE_DEBUG_INFO = INCLUDE_SOURCE;
				MTL_FAST_MATH = YES;
				ONLY_ACTIVE_ARCH = YES;
				SDKROOT = iphoneos;
				SWIFT_ACTIVE_COMPILATION_CONDITIONS = DEBUG;
				SWIFT_OPTIMIZATION_LEVEL = "-Onone";
			};
			name = Debug;
		};
		418881FA2C063C1800CBB0FB /* Release */ = {
			isa = XCBuildConfiguration;
			buildSettings = {
				ALWAYS_SEARCH_USER_PATHS = NO;
				CLANG_ANALYZER_NONNULL = YES;
				CLANG_ANALYZER_NUMBER_OBJECT_CONVERSION = YES_AGGRESSIVE;
				CLANG_CXX_LANGUAGE_STANDARD = "gnu++14";
				CLANG_CXX_LIBRARY = "libc++";
				CLANG_ENABLE_MODULES = YES;
				CLANG_ENABLE_OBJC_ARC = YES;
				CLANG_ENABLE_OBJC_WEAK = YES;
				CLANG_WARN_BLOCK_CAPTURE_AUTORELEASING = YES;
				CLANG_WARN_BOOL_CONVERSION = YES;
				CLANG_WARN_COMMA = YES;
				CLANG_WARN_CONSTANT_CONVERSION = YES;
				CLANG_WARN_DEPRECATED_OBJC_IMPLEMENTATIONS = YES;
				CLANG_WARN_DIRECT_OBJC_ISA_USAGE = YES_ERROR;
				CLANG_WARN_DOCUMENTATION_COMMENTS = YES;
				CLANG_WARN_EMPTY_BODY = YES;
				CLANG_WARN_ENUM_CONVERSION = YES;
				CLANG_WARN_INFINITE_RECURSION = YES;
				CLANG_WARN_INT_CONVERSION = YES;
				CLANG_WARN_NON_LITERAL_NULL_CONVERSION = YES;
				CLANG_WARN_OBJC_IMPLICIT_RETAIN_SELF = YES;
				CLANG_WARN_OBJC_LITERAL_CONVERSION = YES;
				CLANG_WARN_OBJC_ROOT_CLASS = YES_ERROR;
				CLANG_WARN_QUOTED_INCLUDE_IN_FRAMEWORK_HEADER = YES;
				CLANG_WARN_RANGE_LOOP_ANALYSIS = YES;
				CLANG_WARN_STRICT_PROTOTYPES = YES;
				CLANG_WARN_SUSPICIOUS_MOVE = YES;
				CLANG_WARN_UNGUARDED_AVAILABILITY = YES_AGGRESSIVE;
				CLANG_WARN_UNREACHABLE_CODE = YES;
				CLANG_WARN__DUPLICATE_METHOD_MATCH = YES;
				COPY_PHASE_STRIP = NO;
				DEBUG_INFORMATION_FORMAT = "dwarf-with-dsym";
				ENABLE_NS_ASSERTIONS = NO;
				ENABLE_STRICT_OBJC_MSGSEND = YES;
				GCC_C_LANGUAGE_STANDARD = gnu11;
				GCC_NO_COMMON_BLOCKS = YES;
				GCC_WARN_64_TO_32_BIT_CONVERSION = YES;
				GCC_WARN_ABOUT_RETURN_TYPE = YES_ERROR;
				GCC_WARN_UNDECLARED_SELECTOR = YES;
				GCC_WARN_UNINITIALIZED_AUTOS = YES_AGGRESSIVE;
				GCC_WARN_UNUSED_FUNCTION = YES;
				GCC_WARN_UNUSED_VARIABLE = YES;
				IPHONEOS_DEPLOYMENT_TARGET = 14.2;
				MTL_ENABLE_DEBUG_INFO = NO;
				MTL_FAST_MATH = YES;
				SDKROOT = iphoneos;
				SWIFT_COMPILATION_MODE = wholemodule;
				SWIFT_OPTIMIZATION_LEVEL = "-O";
				VALIDATE_PRODUCT = YES;
			};
			name = Release;
		};
		418881FC2C063C1800CBB0FB /* Debug */ = {
			isa = XCBuildConfiguration;
			buildSettings = {
				ASSETCATALOG_COMPILER_APPICON_NAME = AppIcon;
				ASSETCATALOG_COMPILER_GLOBAL_ACCENT_COLOR_NAME = AccentColor;
				CODE_SIGN_STYLE = Automatic;
				INFOPLIST_FILE = "Bimatric Attendance/Info.plist";
				LD_RUNPATH_SEARCH_PATHS = (
					"$(inherited)",
					"@executable_path/Frameworks",
				);
				PRODUCT_BUNDLE_IDENTIFIER = "nippon.Bimatric-Attendance";
				PRODUCT_NAME = "$(TARGET_NAME)";
				SWIFT_VERSION = 5.0;
				TARGETED_DEVICE_FAMILY = "1,2";
			};
			name = Debug;
		};
		418881FD2C063C1800CBB0FB /* Release */ = {
			isa = XCBuildConfiguration;
			buildSettings = {
				ASSETCATALOG_COMPILER_APPICON_NAME = AppIcon;
				ASSETCATALOG_COMPILER_GLOBAL_ACCENT_COLOR_NAME = AccentColor;
				CODE_SIGN_STYLE = Automatic;
				INFOPLIST_FILE = "Bimatric Attendance/Info.plist";
				LD_RUNPATH_SEARCH_PATHS = (
					"$(inherited)",
					"@executable_path/Frameworks",
				);
				PRODUCT_BUNDLE_IDENTIFIER = "nippon.Bimatric-Attendance";
				PRODUCT_NAME = "$(TARGET_NAME)";
				SWIFT_VERSION = 5.0;
				TARGETED_DEVICE_FAMILY = "1,2";
			};
			name = Release;
		};
/* End XCBuildConfiguration section */

/* Begin XCConfigurationList section */
		418881DF2C063C1700CBB0FB /* Build configuration list for PBXProject "Bimatric Attendance" */ = {
			isa = XCConfigurationList;
			buildConfigurations = (
				418881F92C063C1800CBB0FB /* Debug */,
				418881FA2C063C1800CBB0FB /* Release */,
			);
			defaultConfigurationIsVisible = 0;
			defaultConfigurationName = Release;
		};
		418881FB2C063C1800CBB0FB /* Build configuration list for PBXNativeTarget "Bimatric Attendance" */ = {
			isa = XCConfigurationList;
			buildConfigurations = (
				418881FC2C063C1800CBB0FB /* Debug */,
				418881FD2C063C1800CBB0FB /* Release */,
			);
			defaultConfigurationIsVisible = 0;
			defaultConfigurationName = Release;
		};
/* End XCConfigurationList section */

/* Begin XCVersionGroup section */
		418881F02C063C1700CBB0FB /* Bimatric_Attendance.xcdatamodeld */ = {
			isa = XCVersionGroup;
			children = (
				418881F12C063C1700CBB0FB /* Bimatric_Attendance.xcdatamodel */,
			);
			currentVersion = 418881F12C063C1700CBB0FB /* Bimatric_Attendance.xcdatamodel */;
			path = Bimatric_Attendance.xcdatamodeld;
			sourceTree = "<group>";
			versionGroupType = wrapper.xcdatamodel;
		};
/* End XCVersionGroup section */
	};
	rootObject = 418881DC2C063C1700CBB0FB /* Project object */;
}
